
Microsoft Visual Studio Solution File, Format Version 12.00
# Visual Studio 2012
Project("{FAE04EC0-301F-11D3-BF4B-00C04F79EFBC}") = "OpenTK.Practice", "OpenTK.Practice.csproj", "{21CAF75E-ADBF-4E94-AEE5-98FA66ED8B96}"
EndProject
Global
	GlobalSection(SolutionConfigurationPlatforms) = preSolution
		Debug|Any CPU = Debug|Any CPU
		Release|Any CPU = Release|Any CPU
	EndGlobalSection
	GlobalSection(ProjectConfigurationPlatforms) = postSolution
		{21CAF75E-ADBF-4E94-AEE5-98FA66ED8B96}.Debug|Any CPU.ActiveCfg = Debug|Any CPU
		{21CAF75E-ADBF-4E94-AEE5-98FA66ED8B96}.Debug|Any CPU.Build.0 = Debug|Any CPU
		{21CAF75E-ADBF-4E94-AEE5-98FA66ED8B96}.Release|Any CPU.ActiveCfg = Release|Any CPU
		{21CAF75E-ADBF-4E94-AEE5-98FA66ED8B96}.Release|Any CPU.Build.0 = Release|Any CPU
	EndGlobalSection
EndGlobal
